
Microsoft Visual Studio Solution File, Format Version 9.00
# Visual Studio 2005
Project("{FAE04EC0-301F-11D3-BF4B-00C04F79EFBC}") = "SMBCTPE", "SMBCTPE\SMBCTPE.csproj", "{1EC577DC-20C4-49B2-A4EA-5DB996D9746E}"
EndProject
Project("{FAE04EC0-301F-11D3-BF4B-00C04F79EFBC}") = "WinformTester", "WinformTester\WinformTester.csproj", "{529010E9-05F3-4ED9-B71E-407939622C5A}"
EndProject
Global
	GlobalSection(SolutionConfigurationPlatforms) = preSolution
		Debug|Any CPU = Debug|Any CPU
		Release|Any CPU = Release|Any CPU
	EndGlobalSection
	GlobalSection(ProjectConfigurationPlatforms) = postSolution
		{1EC577DC-20C4-49B2-A4EA-5DB996D9746E}.Debug|Any CPU.ActiveCfg = Debug|Any CPU
		{1EC577DC-20C4-49B2-A4EA-5DB996D9746E}.Debug|Any CPU.Build.0 = Debug|Any CPU
		{1EC577DC-20C4-49B2-A4EA-5DB996D9746E}.Release|Any CPU.ActiveCfg = Release|Any CPU
		{1EC577DC-20C4-49B2-A4EA-5DB996D9746E}.Release|Any CPU.Build.0 = Release|Any CPU
		{529010E9-05F3-4ED9-B71E-407939622C5A}.Debug|Any CPU.ActiveCfg = Debug|Any CPU
		{529010E9-05F3-4ED9-B71E-407939622C5A}.Debug|Any CPU.Build.0 = Debug|Any CPU
		{529010E9-05F3-4ED9-B71E-407939622C5A}.Release|Any CPU.ActiveCfg = Release|Any CPU
		{529010E9-05F3-4ED9-B71E-407939622C5A}.Release|Any CPU.Build.0 = Release|Any CPU
	EndGlobalSection
	GlobalSection(SolutionProperties) = preSolution
		HideSolutionNode = FALSE
	EndGlobalSection
EndGlobal
